
Microsoft Visual Studio Solution File, Format Version 12.00
# Visual Studio Version 17
VisualStudioVersion = 17.7.34018.315
MinimumVisualStudioVersion = 10.0.40219.1
Project("{9A19103F-16F7-4668-BE54-9A1E7A4F7556}") = "StripeAPI", "StripeAPI\StripeAPI.csproj", "{572EC712-B45F-4A89-B738-2B3825074AFA}"
EndProject
Project("{FAE04EC0-301F-11D3-BF4B-00C04F79EFBC}") = "StripeAPI.Tests", "StripeAPI.Tests\StripeAPI.Tests.csproj", "{11EDAF3E-F3C9-4A4E-9028-78B63F6D4344}"
EndProject
Global
	GlobalSection(SolutionConfigurationPlatforms) = preSolution
		Debug|Any CPU = Debug|Any CPU
		Release|Any CPU = Release|Any CPU
	EndGlobalSection
	GlobalSection(ProjectConfigurationPlatforms) = postSolution
		{572EC712-B45F-4A89-B738-2B3825074AFA}.Debug|Any CPU.ActiveCfg = Debug|Any CPU
		{572EC712-B45F-4A89-B738-2B3825074AFA}.Debug|Any CPU.Build.0 = Debug|Any CPU
		{572EC712-B45F-4A89-B738-2B3825074AFA}.Release|Any CPU.ActiveCfg = Release|Any CPU
		{572EC712-B45F-4A89-B738-2B3825074AFA}.Release|Any CPU.Build.0 = Release|Any CPU
		{11EDAF3E-F3C9-4A4E-9028-78B63F6D4344}.Debug|Any CPU.ActiveCfg = Debug|Any CPU
		{11EDAF3E-F3C9-4A4E-9028-78B63F6D4344}.Debug|Any CPU.Build.0 = Debug|Any CPU
		{11EDAF3E-F3C9-4A4E-9028-78B63F6D4344}.Release|Any CPU.ActiveCfg = Release|Any CPU
		{11EDAF3E-F3C9-4A4E-9028-78B63F6D4344}.Release|Any CPU.Build.0 = Release|Any CPU
	EndGlobalSection
	GlobalSection(SolutionProperties) = preSolution
		HideSolutionNode = FALSE
	EndGlobalSection
	GlobalSection(ExtensibilityGlobals) = postSolution
		SolutionGuid = {98312CA8-27DA-4E6C-A340-1878251F490D}
	EndGlobalSection
EndGlobal
